PODS:
  - Realm (10.18.0):
    - Realm/Headers (= 10.18.0)
  - Realm/Headers (10.18.0)
  - RealmSwift (10.18.0):
    - Realm (= 10.18.0)
  - SkyFloatingLabelTextField (3.8.0)

DEPENDENCIES:
  - RealmSwift
  - SkyFloatingLabelTextField (~> 3.0)

SPEC REPOS:
  trunk:
    - Realm
    - RealmSwift
    - SkyFloatingLabelTextField

SPEC CHECKSUMS:
  Realm: b8b0a36bf48c39c50fd8cee7ac34005e6d887ddd
  RealmSwift: fe2f33d731f47aaf4c3618930f9f7cf7b935c33f
  SkyFloatingLabelTextField: 5a338412114808e961fe2d14ea2c5452c8b6e4aa

PODFILE CHECKSUM: 2e1d12c3ff138930017f8e50e1fe4a7460be45ad

COCOAPODS: 1.11.2
